{
  "name": "modules",
  "version": "1.0.0",
  "lockfileVersion": 3,
  "requires": true,
  "packages": {
    "": {
      "name": "modules",
      "version": "1.0.0",
      "license": "ISC",
      "dependencies": {
        "lodash": "^4.17.21",
        "nagcloudlab-dec-greet": "^1.0.0"
      }
    },
    "node_modules/lodash": {
      "version": "4.17.21",
      "resolved": "https://registry.npmjs.org/lodash/-/lodash-4.17.21.tgz",
      "integrity": "sha512-v2kDEe57lecTulaDIuNTPy3Ry4gLGJ6Z1O3vE1krgXZNrsQ+LFTGHVxVjcXPs17LhbZVGedAJv8XZ1tvj5FvSg=="
    },
    "node_modules/nagcloudlab-dec-greet": {
      "version": "1.0.0",
      "resolved": "https://registry.npmjs.org/nagcloudlab-dec-greet/-/nagcloudlab-dec-greet-1.0.0.tgz",
      "integrity": "sha512-pP3HFrrulGYEOSSpN2lMhITDgVCzLMIGii4GjT0/heWKVpN/Xnqa4+P56OAOKbaEgfhhrstHNpFGo5JGbWI3bQ=="
    }
  }
}
